version: 1
checksums:
  15ecf73e0c158929f058900aaa9b24c8:
    Unsaved/singular: ddc9094aecf93ceabe363846756a9925
    Saved/singular: 6554b923011266821d74e06e013a40e6
    Saving%E2%80%A6/singular: ee98ff32f9a585a9108c8cd961d6077e
    Delete%20course/singular: 86bac6527eb0b380a3f0a5e38b6938ff
    Delete%20course%3F/singular: c83369b40aec2a0eb3cafd146d70020e
    Delete%20chapter/singular: 17a0d21cc5650c1a8de6e918fd754a63
    Delete%20chapter%3F/singular: 5dfc389e36ee2f05e01896b81bd59493
    Delete%20lesson%3F/singular: 7f0eb69c2ada091c8504e0197eae59ab
    Delete%20lesson/singular: 18309d2fe705fd2c4301224dee3be224
    Course%20title%E2%80%A6/singular: 4429de50f5f2d426271e76328c543daf
    Contact%20support/singular: 32a4dee2033635e334a5f4d34724e3e0
    Edit%20course%20description/singular: 2304f3ceeea1faaa3a4451c8863ded3b
    Try%20again/singular: 33dd8820e743e35a66e6977f69e9d3b5
    Edit%20course%20title/singular: 75b050a3ce516d55c480d633f5da502f
    Course%20description%E2%80%A6/singular: a548f00ce745044f2a2dfbe02b9a0130
    We%20couldn't%20load%20the%20chapters.%20Please%20try%20again./singular: 2bfbac73debefc0d7a4ec5c41af9c415
    Failed%20to%20load%20chapters/singular: a462d90fffa946fe5c2aedb6e6fff9b4
    We%20couldn't%20load%20the%20lessons.%20Please%20try%20again./singular: f2e68b6dd4d7f2eb0c91f20ade06957d
    Failed%20to%20load%20lessons/singular: 427523eb64ddb239d642ca975d6e1dbb
    Edit%20chapter%20description/singular: e27c305ac8ad54675309e239bccdd648
    Edit%20chapter%20title/singular: 21c04bd3ed6335df5195d1f2857131bf
    Chapter%20description%E2%80%A6/singular: d394513f90a5c9ad1880d364e8fc5cb8
    Chapter%20title%E2%80%A6/singular: 3ed70a2e64aefe189999ff5899e8a7a2
    Your%20organization%20hasn't%20created%20any%20courses%20yet./singular: 4c09c8406dbf7bfe159f850fc1f22b99
    No%20courses/singular: 72fc2629e79529e927834070a26d2a07
    Edit%20lesson%20description/singular: b959f1e2fc7f00f593ae2c1a12fd330d
    Lesson%20description%E2%80%A6/singular: 77ad5a9829eda8182865a46455d5a842
    Lesson%20title%E2%80%A6/singular: d7b981d2734c11f2ee5d58f21c93bd3e
    Edit%20lesson%20title/singular: 15b5a30f4a0365bae4da264383dae889
    All%20fields%20are%20required/singular: 01fe4fe061a783c06c001dd39c78053a
    Next/singular: 89ddbcf710eba274963494f312bdc8a9
    Back/singular: f541015a827e37cb3b1234e56bc2aa3c
    Close/singular: 2c2e22f8424a1031de89063bd0022e16
    Create/singular: 757ccd28dd533ff3a933355273c1e32a
    Create%20course/singular: 41f52f80def95a611c9cc3a5e1a11dde
    A%20brief%20description%20of%20your%20course%E2%80%A6/singular: 26ac2beaaae4ce3f3cccb399935c8b9a
    Course%20description/singular: 19e0252f9b2da688a9b029817995c3b2
    A%20short%20summary%20that%20helps%20learners%20understand%20what%20they'll%20learn/singular: 68a3b304d5ce93306c7059f1af9546f2
    Course%20language/singular: 92bda1f51d4211b800b1712536338b90
    Select%20the%20language%20your%20course%20content%20will%20be%20in/singular: bddf11e7edeeff2957657c4c6b068e04
    This%20will%20be%20the%20URL%20path%20for%20your%20course/singular: a3916423b648f9cb3d381e9184f7b7af
    Course%20URL/singular: 573679edcae41f66266a350946e053a0
    course-title/singular: bf1fe58a4284f0eb37f9e391d9c3f9e1
    course%20title/singular: d088cfb29c99f6256c5b166aaf760530
    The%20main%20title%20that%20learners%20will%20see%20for%20your%20course/singular: 5e0707d1ace160525f64c1ff51474569
    Course%20title/singular: 40d5c412b95b9a452643c69e48465350
    A%20course%20with%20this%20URL%20already%20exists/singular: 36f9d2ffb6817af1ae69ec6dd37cf5d6
    Select%20a%20course%20to%20edit%20its%20content/singular: 2f17c5f381acd6ffb1c1109a87e341b5
    Courses/singular: e6d00f3285e8fc48b949af0c4aad3da5
    You%20can't%20edit%20courses%20for%20this%20organization.%20Log%20in%20with%20another%20account%20or%20switch%20to%20a%20different%20organization./singular: f4c2f472730fa69b3602af2d9cfa56c5
    Login/singular: f4f219abeb5a465ecb1c7efaf50246de
    Logout/singular: 07948fdf20705e04a7bf68ab197512bf
    401%20-%20Unauthorized/singular: 0612c3a47aaacaa9fd8aa3d5f0fbc0b8
    Cancel/singular: 2e2a849c2223911717de8caa2c71bade
    Delete%20item/singular: b9b5755b0ed185436b52860bde313b9f
    This%20action%20cannot%20be%20undone./singular: 3d8b13374ffd3cefc0f3f7ce077bd9c9
    Delete/singular: 8bcf303dd10a645b5baacb02b47d72c9
    Delete%20item%3F/singular: d847684112faebe6e59a16ba2ccaac05
    Home%20page/singular: aa72464a366b091aa6f2037ca869c09c
    Language/singular: 277fd1a41cc237a437cd1d5e4a80463b
    Organizations/singular: bd50dd0b17bd74a72b728a8385b5ee28
    No%20other%20organizations/singular: e9de48fc34aa9de5d30e3eb8eed79ed1
    Draft/singular: e8a92958ad300aacfe46c2bf6644927e
    Published/singular: ad5e035c44f71ed32d41e47c7643f32f
    History/singular: b0578d6d225f512e42f823fbca2e3c32
    Math/singular: 0a604ffa5ef57408918fe98ef05eb05a
    Arts/singular: 9b1845cec1210e57ea990b1a90823228
    Languages/singular: 2d2a54a7cbbf640ba2aff643a8a3c7c1
    Health/singular: db2f8a6e827b5436d1eedaf453eaae8a
    Engineering/singular: 76e841ae8ec3340d7d0a5c2191abbea4
    Technology/singular: 694755ad06c9b0d9bfcd78e1610670b8
    Economics/singular: 3931d28200c67977f6ecdf9b2aa61014
    Culture/singular: 598e8cf9fdd3ed940090e97eac0674b1
    Communication/singular: 478f3ecaf6419fa9f11f2a83639188c6
    Society/singular: fc07530371cde440aac96dae7a33aad4
    Science/singular: 7b1aa37d3f038f226223f85531c688d8
    Law/singular: 3f04c791596043e899781f74003b9324
    Business/singular: 7682c7966c6e718836388561e7e68cab
    Geography/singular: fd93fe516c40f1f2dd96f53a507ce95d
    Category%20not%20found%20in%20this%20course/singular: 32ae23f7913223e56ab7207abfe032bb
    An%20unexpected%20error%20occurred/singular: fe07b9cdb1fc3f7397f6d89c102c60af
    Invalid%20category/singular: 5f9195d3e0d1d819cc9d812b712eaca1
    Chapter%20not%20found/singular: 72d4a8758136678acbae0ec942227f7e
    Chapter%20not%20found%20in%20this%20course/singular: d81e3e6176f913514f413784a8e881e3
    Invalid%20chapter%20format.%20Each%20chapter%20must%20have%20a%20title%20and%20description/singular: 6c9dc938c75674b73b61177b55cce86d
    Lesson%20not%20found/singular: 41c0c0e96242a28b4d90a84b3bf80e94
    Invalid%20format.%20Please%20provide%20an%20array%20of%20non-empty%20strings/singular: c9dbc954cf099eedbb573d647356f52e
    Course%20not%20found/singular: 679d024095e9e605246a1928a7e1d87b
    Invalid%20file%20type.%20Please%20upload%20a%20JSON%20file/singular: 9164c5c1930e61a6037fab99386c02f6
    This%20category%20has%20already%20been%20added%20to%20the%20course/singular: 5b220e40c0bfc7b3700d1f402697c522
    Lesson%20not%20found%20in%20this%20chapter/singular: 2697f3d918027ce266c25004b71a51d9
    Please%20sign%20in%20to%20continue/singular: 051e59dd3d3b0bfad95982f982fd6b9d
    Chapter%20and%20course%20must%20belong%20to%20the%20same%20organization/singular: f3c132074516ccc5cad52c88c86d440d
    Invalid%20lesson%20format.%20Each%20lesson%20must%20have%20a%20title%20and%20description/singular: e449a82367ccec6680313c4711549e2e
    You%20don't%20have%20permission%20to%20perform%20this%20action/singular: b99aa4dbc03b5e9b7bf6c64b245a9ab8
    This%20lesson%20has%20already%20been%20removed/singular: f2630463c13ad524f0cd9378a9c39b06
    This%20chapter%20has%20already%20been%20removed/singular: b5afad30e3174c18d5aa887a3143397f
    File%20is%20too%20large.%20Maximum%20size%20is%205MB/singular: 6ee737426f04528c60f84ba1004542b3
    Invalid%20JSON%20format.%20Please%20check%20your%20file/singular: 2a890d833f49aa36f02433476ca33468
    Organization%20not%20found/singular: 4cb8c07ec2c599b6f48750e06ffa182b
  9270df1bc9e10fdb8026bb4ab67061d4:
    Get%20started/singular: 5c783951b0100a168bdd2161ff294833
    Login/singular: f4f219abeb5a465ecb1c7efaf50246de
    Logout/singular: 07948fdf20705e04a7bf68ab197512bf
    My%20account/singular: 4791806fd9fadc33912e3df7e4e3911c
    Update%20display%20name/singular: eb9878176a51d19451553ed035114e88
    Help%20and%20support/singular: 19383599a92f1b191066d7f29588d72f
    Search%20courses%20or%20pages.../singular: d059e326784d4e9b074d82e7957a3eef
    No%20results%20found/singular: 5518f2865757dc73900aa03ef8be6934
    My%20courses/singular: d97cf4146d15d6ff06df054f89cf2bbd
    Manage%20settings/singular: 72d60ef4e53cd4eb8c041576b9382b51
    Learn%20something/singular: 2b9c846ff3fe4df7416deac9aa405e30
    Update%20language/singular: 578f6d1e35422e5fdc38bf8c85126585
    Manage%20subscription/singular: b83a75127b8eabc21dfa1e0f7104db56
    Courses/singular: e6d00f3285e8fc48b949af0c4aad3da5
    Home%20page/singular: aa72464a366b091aa6f2037ca869c09c
    Contact%20us/singular: 694a45bc5c96f6f3a27873c1cf5a7707
    Search/singular: 49dd6c21604b5e8d4153ff1aff2177e1
    Language/singular: 277fd1a41cc237a437cd1d5e4a80463b
    Learn/singular: 6559e2075ab6947a1d4fa43e19a5d66b
    Settings/singular: 8df6777277469c1fd88cc18dde2f1cc3
    Support/singular: 55aab5fd0f31a9cb055a2edeeedfaf63
    Subscription/singular: ba9f3675e18987d067d48533c8897343
    Online%20Courses%20using%20AI/singular: 4e3c619f363cc66f3f2e604e372ca038
    Explore%20all%20Zoonk%20courses%20to%20learn%20anything%20using%20AI.%20Find%20interactive%20lessons%2C%20challenges%2C%20and%20activities%20to%20learn%20subjects%20like%20science%2C%20math%2C%20technology%2C%20and%20more./singular: c3f4a7dfd17b4523b5535f40170c7731
    Did%20you%20like%20this%20content%3F/singular: 23b97024cf20ceee3ee4a1ddc65d251c
    Send%20feedback/singular: 9631cc08d49da04475b30a0d320ce97c
    I%20didn't%20like%20it/singular: 9761a96b22323e7db7d7176b77cf7caa
    I%20liked%20it/singular: ed20592186f53abcc526360869bd0f55
    Cancel/singular: 2e2a849c2223911717de8caa2c71bade
    Cooking%20up%20some%20course%20ideas/singular: a42520f96dbac3580a2ccae4bd6ceb31
    We're%20putting%20together%20a%20few%20course%20suggestions%20for%20you.%20This%20may%20take%20a%20few%20seconds./singular: 8467af30434eb8bfb2f13e109b1d9334
    Course%20ideas%20for%20%7Bprompt%7D/singular: 23f94da8ce9272d654ff40bb80e6a352
    Create%20course/singular: 41f52f80def95a611c9cc3a5e1a11dde
    Change%20subject/singular: 8585bb703ba2d857dd9a7b36f97be507
    Discover%20personalized%20courses%20and%20resources%20to%20learn%20%7Bprompt%7D.%20Zoonk%20uses%20AI%20to%20generate%20interactive%20lessons%20and%20activities%20tailored%20to%20you./singular: 7d54c62a9c8d49b713626fa25edff820
    Learn%20%7Bprompt%7D%20with%20AI/singular: 5a8a8ee7f52faf0cb790e0f0cfbcce7d
    e.g.%2C%20computer%20science%2C%20astronomy%2C%20biology%2C%20.../singular: 73768f931821052e0d43b8b21896b9d0
    Start/singular: dbe56303d9a6d3fad1a8d4cbcc97f365
    Enter%20a%20subject/singular: 4590e12cd42fdc491ab95457e66e13eb
    Tell%20Zoonk%20what%20you%20want%20to%20learn%20and%20get%20a%20course%20generated%20by%20AI.%20Start%20learning%20any%20subject%20with%20interactive%20lessons%20and%20activities./singular: bce6930e3cd7b20455ea7996a65cbe4f
    What%20do%20you%20want%20to%20learn%3F/singular: eae5c853dbe20fa2e1eacb1e8396d3de
    Learn%20Anything%20with%20AI/singular: af8ba68f4986f321a1025e9b0f4ac794
    My%20Courses/singular: 3031c7801404796addff2b7d796fa4c2
    View%20all%20the%20courses%20you%20started%20on%20Zoonk.%20Continue%20where%20you%20left%20off%20and%20track%20your%20progress%20across%20interactive%20lessons%20and%20activities./singular: eee1ce9f3b0be49ddc9bb3ce21270796
    Zoonk%3A%20AI%20Learning%20Platform/singular: 4a2d25490f4a5e5cd4543f48fcec968d
    Zoonk%20is%20an%20AI-powered%20learning%20platform%20where%20you%20can%20learn%20anything%20through%20interactive%20courses%2C%20lessons%2C%20and%20activities./singular: e836899ce8100db55d5fa54fe6375970
    Checking%20if%20you're%20logged%20in.../singular: b50f05bfcb51cad6913150273e551291
    You%20need%20to%20be%20logged%20in%20to%20access%20this%20page./singular: 759ca522663d8f628718332f756dd6c4
    Display%20name/singular: 725f331065e9d594d720d07b1ae51a90
    Choose%20the%20app%20language%20you%20prefer%20for%20this%20device./singular: 4e22090be4b9fda9945e41822872c030
    Update%20your%20Zoonk%20app%20language%20to%20learn%20in%20English%2C%20Portuguese%2C%20Spanish%2C%20French%2C%20or%20other%20supported%20languages./singular: 1c0ee0edf658ce641954e5e20a447905
    Your%20name%20has%20been%20updated%20successfully!/singular: 57bbf14c5b2eb3cefb1bf1dcba56cfa0
    Update%20name/singular: ad5a6fc8a83d09e6e959e21fc1034956
    Failed%20to%20update%20your%20name.%20Please%20try%20again%20or%20contact%20hello%40zoonk.com/singular: 5c23accc74863614c754e0af7d49ab1f
    Name/singular: 9368b5a047572b6051f334af5aa76819
    This%20name%20will%20be%20visible%20to%20other%20users./singular: f09fcb0452297983c7b73c689206fa08
    Set%20or%20update%20your%20Zoonk%20display%20name.%20This%20name%20may%20be%20visible%20to%20others%20and%20will%20be%20used%20when%20referring%20to%20you%20in%20lessons%20and%20activities./singular: 27a489da570cb0d40c7b47d81d271213
    Update%20Display%20Name/singular: 6583c6a89e7dfe4373ba2e6033547b69
    This%20is%20the%20name%20others%20may%20see%20and%20the%20one%20we'll%20use%20to%20refer%20to%20you%20in%20activities./singular: 84084520f32cbe01700e2f32c43558aa
    Customize%20your%20Zoonk%20learning%20experience.%20Manage%20account%20settings%2C%20profile%2C%20and%20preferences%20to%20get%20the%20most%20out%20of%20our%20education%20platform./singular: 36a3ad216744e032858a6279929bd37b
    Manage%20your%20account%20settings%2C%20profile%2C%20and%20preferences./singular: fb026dbc30e3549c3d15e6c254e7d70e
    Manage%20Subscription/singular: 31cafd367fc70d656d8dd979d537dc96
    Manage%20your%20Zoonk%20subscription.%20View%20your%20current%20plan%2C%20upgrade%20or%20downgrade%2C%20and%20see%20available%20benefits./singular: 47f6b6e7b8217ffc7b8135863f626906
    Check%20your%20plan%20details%20and%20manage%20your%20subscription./singular: b9c54ab5f7759daa9fde43d201b05a3d
    Upgrade/singular: 63c3b52882e0d779859307d672c178c2
    No%20ads%2C%20unlimited%20lessons%2C%20and%20full%20progress%20tracking./singular: 8f01b698721c3c79191463236f039529
    Remove%20ads%2C%20unlock%20unlimited%20lessons%2C%20and%20track%20your%20progress./singular: d935ae55f9b7faf08bf520b7457972ac
    Upgrade%20to%20Plus/singular: 5ffe2178c10543c0be3b54a15c82da54
    You%E2%80%99re%20on%20Zoonk%20Plus/singular: 5ca1a2563220c91f7eb44a60d2701a79
    Unable%20to%20update%20your%20subscription.%20Contact%20us%20at%20hello%40zoonk.com/singular: 07449ee5fe347be88856524cec7f06ef
    Get%20help%20with%20your%20account%2C%20courses%2C%20or%20any%20technical%20issues.%20Our%20support%20team%20is%20here%20to%20assist%20you./singular: 9de0c5af17bcf14dc8229ac5896db641
    Help%20%26%20Support/singular: 662d807b3768c9753238bd5f1c86d2f6
    Connect%20with%20the%20community%20and%20get%20answers/singular: ddbaaadbe1d98d93c6ceb40231559402
    GitHub%20Discussions/singular: ac9e45aca17511aa133bbae5f13bcf18
    Email%20us%20at%20hello%40zoonk.com/singular: f30da451e0bc14b7463bde402c876af9
    Follow%20us/singular: 778f7a4744f77dbcbd31a8c778cb5209
    Contact%20Support/singular: fcbd9e317c7286b3e08752eb73eb1a81
    Read%20Zoonk's%20privacy%20policy%20to%20understand%20how%20we%20collect%2C%20use%2C%20and%20protect%20your%20personal%20information./singular: 044f3586abe7d9915820a6629cef08e4
    Privacy%20Policy/singular: 7459744a63ef8af4e517a09024bd7c08
    Read%20Zoonk's%20terms%20of%20use%20to%20understand%20the%20rules%20and%20conditions%20for%20using%20our%20platform%20and%20services/singular: 4b82898d60691839a1999e4a17199895
    Terms%20of%20Use/singular: 9ac262b2eda552beeecd904c0b9f8fa2
    Please%20provide%20as%20much%20detail%20as%20possible./singular: 3c8b231283c751d4beae059a6ffc3643
    Failed%20to%20send%20message.%20Please%20try%20again%20or%20email%20us%20directly%20at%20hello%40zoonk.com/singular: 7f36bcd5ba5dad4b9981f85488ff794c
    Email%20address/singular: 3ba3f099b1b9be6c35ad797da660cb9f
    How%20can%20we%20help%20you%3F/singular: 4571603146ce34160e23dfc95ca53ebf
    myemail%40gmail.com/singular: cc0e6fe2486416d0d35b100ea3830496
    Message/singular: f2f72126bd244cfc534eab395e054362
    Message%20sent%20successfully!%20We'll%20get%20back%20to%20you%20soon./singular: c34a09294fd597649e9bd42401477697
    We'll%20use%20this%20email%20to%20contact%20you./singular: a09d71670ae76167b7faa718e794086b
    Send%20message/singular: 19e7006870c6e407dece25ee8c9d5333
    Feedback/singular: 6fac88806e0c269a30777b283988c61c
    Send%20feedback%2C%20questions%2C%20or%20suggestions%20to%20us.%20Fill%20in%20the%20form%20below%20or%20email%20us%20directly%20at%20hello%40zoonk.com./singular: 6ce5e55ddeeb7de9480b806358aa5b95
    History/singular: b0578d6d225f512e42f823fbca2e3c32
    Math/singular: 0a604ffa5ef57408918fe98ef05eb05a
    Arts/singular: 9b1845cec1210e57ea990b1a90823228
    Languages/singular: 2d2a54a7cbbf640ba2aff643a8a3c7c1
    Health/singular: db2f8a6e827b5436d1eedaf453eaae8a
    Engineering/singular: 76e841ae8ec3340d7d0a5c2191abbea4
    Technology/singular: 694755ad06c9b0d9bfcd78e1610670b8
    Economics/singular: 3931d28200c67977f6ecdf9b2aa61014
    Culture/singular: 598e8cf9fdd3ed940090e97eac0674b1
    Communication/singular: 478f3ecaf6419fa9f11f2a83639188c6
    Society/singular: fc07530371cde440aac96dae7a33aad4
    Science/singular: 7b1aa37d3f038f226223f85531c688d8
    Law/singular: 3f04c791596043e899781f74003b9324
    Business/singular: 7682c7966c6e718836388561e7e68cab
    Geography/singular: fd93fe516c40f1f2dd96f53a507ce95d
  61a308caf583f5835f54302028bdae73:
    You're%20signed%20in!/singular: 7f23ad13626e60f22e13b8777458750d
    You%20can%20close%20this%20window%20and%20return%20to%20your%20app./singular: 06f96197fc40b30e288b1a9603d15825
    Sign%20in%20to%20Zoonk/singular: e382c90df1855628b2ea78c3d8a62ea9
    me%40myorg.com/singular: 261d9ee525c108801f822ecb3fa7b8e8
    Or/singular: 98639bcbc7b4889bae62ad0ebde740e1
    Continue/singular: 3cfba90b4600131e82fc4260c568d044
    Continue%20with%20your%20email%20or%20a%20social%20account/singular: 1f2b79de8d5cb3a40df757ab1b50db55
    Sign%20in%20or%20create%20an%20account/singular: b29f31bce3d279137572901bf10d6e5f
    By%20clicking%20on%20Continue%2C%20you%20agree%20to%20our%20%3Cterms%3ETerms%20of%20Service%3C%2Fterms%3E%20and%20%3Cprivacy%3EPrivacy%20Policy%3C%2Fprivacy%3E./singular: 5056e412e67c45780a80009328ad062d
    Email/singular: e7f34943a0c2fb849db1839ff6ef5cb5
    Continue%20with%20Apple/singular: 8b13538d47736d8b7b0b0edbbeb9c741
    Continue%20with%20Google/singular: 296841ac969a7f5d0fffc144f2488bbb
    There%20was%20an%20error%20signing%20you%20in.%20Please%20try%20again%20or%20contact%20hello%40zoonk.com/singular: abb16bd44edbd2ace037414c5ab9567b
    The%20code%20you%20entered%20is%20incorrect.%20Please%20try%20again%20or%20contact%20hello%40zoonk.com/singular: b437ceb9d111fd91320f586ee73f7024
    Change%20email/singular: de3d14d915838e1eb5b04e620de35114
    Enter%20the%20code%20we%20sent%20to%20%7Bemail%7D%3A/singular: 939208aaf736312126ef0fe08cb1faa3
    Check%20your%20email/singular: c51aa8640fe15af146f3e2dd4602e0c1
