version: 1
checksums:
  15ecf73e0c158929f058900aaa9b24c8:
    U3l%2BQ9/singular: aa72464a366b091aa6f2037ca869c09c
    4nOs3z/singular: 261d9ee525c108801f822ecb3fa7b8e8
    4wpUNc/singular: 98639bcbc7b4889bae62ad0ebde740e1
    acrOoz/singular: 3cfba90b4600131e82fc4260c568d044
    SQJto2/singular: cb8757c7450e17de1e226e82fb0fa4a2
    sy%2Bpv5/singular: e7f34943a0c2fb849db1839ff6ef5cb5
    yFJ%2BEj/singular: 21de5a90026180d5646e89f41fd2a6a0
    BmecBA/singular: 8b13538d47736d8b7b0b0edbbeb9c741
    FJ6r9E/singular: 296841ac969a7f5d0fffc144f2488bbb
    pN2p0t/singular: abb16bd44edbd2ace037414c5ab9567b
    HkHvQv/singular: b437ceb9d111fd91320f586ee73f7024
    ChATeO/singular: de3d14d915838e1eb5b04e620de35114
    LZHcmZ/singular: 939208aaf736312126ef0fe08cb1faa3
    zx7CKB/singular: c51aa8640fe15af146f3e2dd4602e0c1
    CxfKLC/singular: 75088c94fb3c374efd452624d4b74be8
    HC7Mi4/singular: d059e326784d4e9b074d82e7957a3eef
    hX5PAb/singular: 5518f2865757dc73900aa03ef8be6934
    NjD8y3/singular: c992eebc22df6ad1b642e5257d800974
    NNQzoi/singular: 56cf28d6712bf3f7f73af2a81974ac45
    R85gsW/singular: e6d00f3285e8fc48b949af0c4aad3da5
    xmcVZ0/singular: 49dd6c21604b5e8d4153ff1aff2177e1
    c0YWuA/singular: 4c09c8406dbf7bfe159f850fc1f22b99
    zJxO2f/singular: 72fc2629e79529e927834070a26d2a07
    6gzGoI/singular: 2f17c5f381acd6ffb1c1109a87e341b5
    p4BgKL/singular: 841ec9672110a0c5b2cbdb689a5ab5dd
    sFoGzO/singular: af7fd6f2113644fd3ad6d0e52c73a5c3
    AyGauy/singular: f4f219abeb5a465ecb1c7efaf50246de
    jflB8q/singular: d88708fca31021a9ca78692de8a29fd3
    MPQ0kS/singular: a88e8fefabe447cba0f1bfcfbe68e745
    yOFm9C/singular: 759ca522663d8f628718332f756dd6c4
    C81%2FuG/singular: 07948fdf20705e04a7bf68ab197512bf
    gNtXZ8/singular: 0612c3a47aaacaa9fd8aa3d5f0fbc0b8
    vFidRR/singular: edc91af724186f7214404c06f6ec36c3
    1UEnr3/singular: 66477c8d9f36dce0f3eb6c5b011699c0
    9KyprR/singular: 869618501e6e16721d923abde1eccc92
    X02lYY/singular: 11566ecf4ec0080c70b156d01a2b47e8
  9270df1bc9e10fdb8026bb4ab67061d4:
    U3l%2BQ9/singular: aa72464a366b091aa6f2037ca869c09c
    Ju9oB%2B/singular: 5056e412e67c45780a80009328ad062d
    acrOoz/singular: 3cfba90b4600131e82fc4260c568d044
    OiSL94/singular: cc0e6fe2486416d0d35b100ea3830496
    sy%2Bpv5/singular: e7f34943a0c2fb849db1839ff6ef5cb5
    4wpUNc/singular: 98639bcbc7b4889bae62ad0ebde740e1
    CoMQ1%2B/singular: 1f2b79de8d5cb3a40df757ab1b50db55
    eN8MTJ/singular: b29f31bce3d279137572901bf10d6e5f
    BQ8wka/singular: 19158f1a61c7514a587a7adb58dbbd07
    od4A2z/singular: 62f0c46df2ef1c62965147ab41b3b715
    BmecBA/singular: 8b13538d47736d8b7b0b0edbbeb9c741
    FJ6r9E/singular: 296841ac969a7f5d0fffc144f2488bbb
    pN2p0t/singular: abb16bd44edbd2ace037414c5ab9567b
    HkHvQv/singular: b437ceb9d111fd91320f586ee73f7024
    LZHcmZ/singular: 939208aaf736312126ef0fe08cb1faa3
    zx7CKB/singular: c51aa8640fe15af146f3e2dd4602e0c1
    ChATeO/singular: de3d14d915838e1eb5b04e620de35114
    knNfU5/singular: be5a884ae8fed1ad7f6bc338949d921e
    AyGauy/singular: f4f219abeb5a465ecb1c7efaf50246de
    C81%2FuG/singular: 07948fdf20705e04a7bf68ab197512bf
    CxfKLC/singular: 75088c94fb3c374efd452624d4b74be8
    G5YSJR/singular: 9631cc08d49da04475b30a0d320ce97c
    gvd2HB/singular: eb9878176a51d19451553ed035114e88
    h7uoBs/singular: 19383599a92f1b191066d7f29588d72f
    HC7Mi4/singular: d059e326784d4e9b074d82e7957a3eef
    hX5PAb/singular: 5518f2865757dc73900aa03ef8be6934
    I%2B38K2/singular: d97cf4146d15d6ff06df054f89cf2bbd
    KwsmcD/singular: 72d60ef4e53cd4eb8c041576b9382b51
    L6kaJv/singular: 2b9c846ff3fe4df7416deac9aa405e30
    NjD8y3/singular: c992eebc22df6ad1b642e5257d800974
    OhXwmw/singular: 578f6d1e35422e5fdc38bf8c85126585
    Oj9Phc/singular: b83a75127b8eabc21dfa1e0f7104db56
    R85gsW/singular: e6d00f3285e8fc48b949af0c4aad3da5
    VfU4TH/singular: d799b702a7881c797d6a1e9668713590
    xmcVZ0/singular: 49dd6c21604b5e8d4153ff1aff2177e1
    y1Z3or/singular: 277fd1a41cc237a437cd1d5e4a80463b
    P5jxUC/singular: 4e3c619f363cc66f3f2e604e372ca038
    z6saPZ/singular: c3f4a7dfd17b4523b5535f40170c7731
    47FYwb/singular: 2e2a849c2223911717de8caa2c71bade
    TUuPG9/singular: a42520f96dbac3580a2ccae4bd6ceb31
    uQHhkm/singular: 8467af30434eb8bfb2f13e109b1d9334
    7x4411/singular: 23f94da8ce9272d654ff40bb80e6a352
    dCKXDB/singular: 41f52f80def95a611c9cc3a5e1a11dde
    RbslnC/singular: 8585bb703ba2d857dd9a7b36f97be507
    A63MWw/singular: 7d54c62a9c8d49b713626fa25edff820
    X2b6pH/singular: 5a8a8ee7f52faf0cb790e0f0cfbcce7d
    LDMSuO/singular: 73768f931821052e0d43b8b21896b9d0
    mOFG3K/singular: dbe56303d9a6d3fad1a8d4cbcc97f365
    uCb1nG/singular: 4590e12cd42fdc491ab95457e66e13eb
    3NEMCK/singular: bce6930e3cd7b20455ea7996a65cbe4f
    9zLpJ%2F/singular: eae5c853dbe20fa2e1eacb1e8396d3de
    Zs1QEq/singular: af8ba68f4986f321a1025e9b0f4ac794
    eeNr%2FY/singular: 3031c7801404796addff2b7d796fa4c2
    wfuVYZ/singular: eee1ce9f3b0be49ddc9bb3ce21270796
    qsfeMJ/singular: 4a2d25490f4a5e5cd4543f48fcec968d
    ZgSctJ/singular: e836899ce8100db55d5fa54fe6375970
    Ejhdi4/singular: 6fac88806e0c269a30777b283988c61c
    eUzs3M/singular: 6ce5e55ddeeb7de9480b806358aa5b95
    KZv6Ml/singular: 6b06a1c72037c5a874506c495070db64
    l1XTI5/singular: 778f7a4744f77dbcbd31a8c778cb5209
    Qeoeg9/singular: 622a8496ae558c2347113749ac3c4ab8
    YmFPw3/singular: fc9668fa1d3d825afa62bbebf4655fcd
    BIAaC9/singular: 08e65ee4ac29acae31f47a08f7381365
    SENRqu/singular: 62712a1f2fcef75e399e9a9a9ddbd495
    Uf3%2BS6/singular: 662d807b3768c9753238bd5f1c86d2f6
    V%2BglDo/singular: 688f26b3492222993d84ba21fd74a1a3
    3KdX2W/singular: c798f65b78e23b2cf8fc29a1a24a182f
    aNLa1G/singular: 4e22090be4b9fda9945e41822872c030
    gr4VpD/singular: 1c0ee0edf658ce641954e5e20a447905
    7jmSf7/singular: 57bbf14c5b2eb3cefb1bf1dcba56cfa0
    eLjVDg/singular: ad5a6fc8a83d09e6e959e21fc1034956
    Gr%2FIpw/singular: 5c23accc74863614c754e0af7d49ab1f
    HAlOn1/singular: 9368b5a047572b6051f334af5aa76819
    VT%2BG%2F7/singular: f09fcb0452297983c7b73c689206fa08
    "%2BceM20/singular": 27a489da570cb0d40c7b47d81d271213
    9NBNq2/singular: 6583c6a89e7dfe4373ba2e6033547b69
    dOQCL8/singular: 725f331065e9d594d720d07b1ae51a90
    Pj%2FoEx/singular: 84084520f32cbe01700e2f32c43558aa
    D3idYv/singular: 8df6777277469c1fd88cc18dde2f1cc3
    iZeMgn/singular: 3a3a2a7811fc04b3e7faa316cee3c532
    R%2F6nsx/singular: ba9f3675e18987d067d48533c8897343
    FMLZiG/singular: 36a3ad216744e032858a6279929bd37b
    v9T5Oi/singular: fb026dbc30e3549c3d15e6c254e7d70e
    9vk07U/singular: 31cafd367fc70d656d8dd979d537dc96
    GjSDly/singular: 47f6b6e7b8217ffc7b8135863f626906
    qux0WX/singular: b9c54ab5f7759daa9fde43d201b05a3d
    0h%2FlPM/singular: 63c3b52882e0d779859307d672c178c2
    bqJOI8/singular: 8f01b698721c3c79191463236f039529
    ES%2Fetj/singular: d935ae55f9b7faf08bf520b7457972ac
    igjTln/singular: 5ffe2178c10543c0be3b54a15c82da54
    iMhTwm/singular: 5ca1a2563220c91f7eb44a60d2701a79
    NiVbmQ/singular: ea42a3331f02e49fabc79ba9e55eb57b
    6gzGoI/singular: 2f17c5f381acd6ffb1c1109a87e341b5
    fWKwFM/singular: 15d1c1521efc08cd482f7ac9e1df0acf
    MPQ0kS/singular: a88e8fefabe447cba0f1bfcfbe68e745
    jflB8q/singular: d88708fca31021a9ca78692de8a29fd3
    iql85X/singular: 044f3586abe7d9915820a6629cef08e4
    vx0nkZ/singular: 7459744a63ef8af4e517a09024bd7c08
    DaGtoz/singular: 4b82898d60691839a1999e4a17199895
    UhkSyx/singular: 9ac262b2eda552beeecd904c0b9f8fa2
    "%2FaBLH2/singular": 5c783951b0100a168bdd2161ff294833
    dXSivY/singular: 4791806fd9fadc33912e3df7e4e3911c
    WnQ%2FAZ/singular: 694a45bc5c96f6f3a27873c1cf5a7707
    "%2B5vOOu/singular": 3c8b231283c751d4beae059a6ffc3643
    1WHPmV/singular: 7f36bcd5ba5dad4b9981f85488ff794c
    hJZwTS/singular: 3ba3f099b1b9be6c35ad797da660cb9f
    M6PcEI/singular: 4571603146ce34160e23dfc95ca53ebf
    T7Ry38/singular: f2f72126bd244cfc534eab395e054362
    vD72E5/singular: c34a09294fd597649e9bd42401477697
    WzCvaN/singular: a09d71670ae76167b7faa718e794086b
    Xx0WZV/singular: 19e7006870c6e407dece25ee8c9d5333
    BlI1%2F9/singular: 23b97024cf20ceee3ee4a1ddc65d251c
    Hqn5Uo/singular: 9761a96b22323e7db7d7176b77cf7caa
    rTFrsw/singular: ed20592186f53abcc526360869bd0f55
    KL74%2FQ/singular: eccc166ecaca63146b8c0d4d9b8df6ff
    p4BgKL/singular: 841ec9672110a0c5b2cbdb689a5ab5dd
    sFoGzO/singular: af7fd6f2113644fd3ad6d0e52c73a5c3
    rbrahO/singular: 2c2e22f8424a1031de89063bd0022e16
    GmcCqz/singular: c88ed734f3b526cd123c7b8f14cf1035
    jOuyTp/singular: 53bea3a813015ca3bf2e4cc6a269fb74
    IbrSk1/singular: 6559e2075ab6947a1d4fa43e19a5d66b
    2jC0rX/singular: b50f05bfcb51cad6913150273e551291
    yOFm9C/singular: 759ca522663d8f628718332f756dd6c4
